
Microsoft Visual Studio Solution File, Format Version 12.00
# Visual Studio 15
VisualStudioVersion = 15.0.28307.168
MinimumVisualStudioVersion = 10.0.40219.1
Project("{FAE04EC0-301F-11D3-BF4B-00C04F79EFBC}") = "TrackerLibrary", "TrackerLibrary\TrackerLibrary.csproj", "{8324AC0A-E034-4E60-AF19-2EA0099B955D}"
EndProject
Project("{FAE04EC0-301F-11D3-BF4B-00C04F79EFBC}") = "TrackerUI", "TrackerUI\TrackerUI.csproj", "{29D33A62-C395-4E1B-A244-BA6DAEFAC2F5}"
EndProject
Global
	GlobalSection(SolutionConfigurationPlatforms) = preSolution
		Debug|Any CPU = Debug|Any CPU
		Release|Any CPU = Release|Any CPU
	EndGlobalSection
	GlobalSection(ProjectConfigurationPlatforms) = postSolution
		{8324AC0A-E034-4E60-AF19-2EA0099B955D}.Debug|Any CPU.ActiveCfg = Debug|Any CPU
		{8324AC0A-E034-4E60-AF19-2EA0099B955D}.Debug|Any CPU.Build.0 = Debug|Any CPU
		{8324AC0A-E034-4E60-AF19-2EA0099B955D}.Release|Any CPU.ActiveCfg = Release|Any CPU
		{8324AC0A-E034-4E60-AF19-2EA0099B955D}.Release|Any CPU.Build.0 = Release|Any CPU
		{29D33A62-C395-4E1B-A244-BA6DAEFAC2F5}.Debug|Any CPU.ActiveCfg = Debug|Any CPU
		{29D33A62-C395-4E1B-A244-BA6DAEFAC2F5}.Debug|Any CPU.Build.0 = Debug|Any CPU
		{29D33A62-C395-4E1B-A244-BA6DAEFAC2F5}.Release|Any CPU.ActiveCfg = Release|Any CPU
		{29D33A62-C395-4E1B-A244-BA6DAEFAC2F5}.Release|Any CPU.Build.0 = Release|Any CPU
	EndGlobalSection
	GlobalSection(SolutionProperties) = preSolution
		HideSolutionNode = FALSE
	EndGlobalSection
	GlobalSection(ExtensibilityGlobals) = postSolution
		SolutionGuid = {7C4ADCB3-F86E-4818-86DF-EF91CDE030A6}
	EndGlobalSection
EndGlobal
